
Microsoft Visual Studio Solution File, Format Version 12.00
# Visual Studio Version 16
VisualStudioVersion = 16.0.31515.178
MinimumVisualStudioVersion = 10.0.40219.1
Project("{FAE04EC0-301F-11D3-BF4B-00C04F79EFBC}") = "Planeterne_OOP", "Planeterne_OOP\Planeterne_OOP.csproj", "{1E9D7125-149F-4A0F-AC8D-F8246A851772}"
EndProject
Global
	GlobalSection(SolutionConfigurationPlatforms) = preSolution
		Debug|Any CPU = Debug|Any CPU
		Release|Any CPU = Release|Any CPU
	EndGlobalSection
	GlobalSection(ProjectConfigurationPlatforms) = postSolution
		{1E9D7125-149F-4A0F-AC8D-F8246A851772}.Debug|Any CPU.ActiveCfg = Debug|Any CPU
		{1E9D7125-149F-4A0F-AC8D-F8246A851772}.Debug|Any CPU.Build.0 = Debug|Any CPU
		{1E9D7125-149F-4A0F-AC8D-F8246A851772}.Release|Any CPU.ActiveCfg = Release|Any CPU
		{1E9D7125-149F-4A0F-AC8D-F8246A851772}.Release|Any CPU.Build.0 = Release|Any CPU
	EndGlobalSection
	GlobalSection(SolutionProperties) = preSolution
		HideSolutionNode = FALSE
	EndGlobalSection
	GlobalSection(ExtensibilityGlobals) = postSolution
		SolutionGuid = {6FCA2F71-73D5-4D2D-86C8-99638DD1243B}
	EndGlobalSection
EndGlobal
